
Microsoft Visual Studio Solution File, Format Version 12.00
# Visual Studio 15
Project("{FAE04EC0-301F-11D3-BF4B-00C04F79EFBC}") = "AstarPathfindingProject", "AstarPathfindingProject.csproj", "{BC85B8F5-23B9-791E-DD02-55448C307983}"
EndProject
Project("{FAE04EC0-301F-11D3-BF4B-00C04F79EFBC}") = "Assembly-CSharp", "Assembly-CSharp.csproj", "{57187AC9-68E0-ED4C-198F-627E9F80B168}"
EndProject
Project("{FAE04EC0-301F-11D3-BF4B-00C04F79EFBC}") = "IngameDebugConsole.Runtime", "IngameDebugConsole.Runtime.csproj", "{9E891F31-EE6B-3B0E-7C1D-D011F79AFB82}"
EndProject
Project("{FAE04EC0-301F-11D3-BF4B-00C04F79EFBC}") = "Assembly-CSharp-firstpass", "Assembly-CSharp-firstpass.csproj", "{5D36957A-9E1D-1273-41D4-8B9CC3A23469}"
EndProject
Project("{FAE04EC0-301F-11D3-BF4B-00C04F79EFBC}") = "PackageToolsEditor", "PackageToolsEditor.csproj", "{94BC1A6D-8B90-8FC0-8C90-FA868F036138}"
EndProject
Project("{FAE04EC0-301F-11D3-BF4B-00C04F79EFBC}") = "AstarPathfindingProjectEditor", "AstarPathfindingProjectEditor.csproj", "{6654662F-E005-4C27-1923-1FEE9A8816DC}"
EndProject
Project("{FAE04EC0-301F-11D3-BF4B-00C04F79EFBC}") = "Assembly-CSharp-Editor", "Assembly-CSharp-Editor.csproj", "{A056A026-0FD7-CDA7-88E5-F8A990B3A843}"
EndProject
Project("{FAE04EC0-301F-11D3-BF4B-00C04F79EFBC}") = "IngameDebugConsole.Editor", "IngameDebugConsole.Editor.csproj", "{79283E76-CDC2-0DD8-B23A-A529B4F87737}"
EndProject
Global
	GlobalSection(SolutionConfigurationPlatforms) = preSolution
		Debug|Any CPU = Debug|Any CPU
		Release|Any CPU = Release|Any CPU
	EndGlobalSection
	GlobalSection(ProjectConfigurationPlatforms) = postSolution
		{BC85B8F5-23B9-791E-DD02-55448C307983}.Debug|Any CPU.ActiveCfg = Debug|Any CPU
		{BC85B8F5-23B9-791E-DD02-55448C307983}.Debug|Any CPU.Build.0 = Debug|Any CPU
		{BC85B8F5-23B9-791E-DD02-55448C307983}.Release|Any CPU.ActiveCfg = Release|Any CPU
		{BC85B8F5-23B9-791E-DD02-55448C307983}.Release|Any CPU.Build.0 = Release|Any CPU
		{57187AC9-68E0-ED4C-198F-627E9F80B168}.Debug|Any CPU.ActiveCfg = Debug|Any CPU
		{57187AC9-68E0-ED4C-198F-627E9F80B168}.Debug|Any CPU.Build.0 = Debug|Any CPU
		{57187AC9-68E0-ED4C-198F-627E9F80B168}.Release|Any CPU.ActiveCfg = Release|Any CPU
		{57187AC9-68E0-ED4C-198F-627E9F80B168}.Release|Any CPU.Build.0 = Release|Any CPU
		{9E891F31-EE6B-3B0E-7C1D-D011F79AFB82}.Debug|Any CPU.ActiveCfg = Debug|Any CPU
		{9E891F31-EE6B-3B0E-7C1D-D011F79AFB82}.Debug|Any CPU.Build.0 = Debug|Any CPU
		{9E891F31-EE6B-3B0E-7C1D-D011F79AFB82}.Release|Any CPU.ActiveCfg = Release|Any CPU
		{9E891F31-EE6B-3B0E-7C1D-D011F79AFB82}.Release|Any CPU.Build.0 = Release|Any CPU
		{5D36957A-9E1D-1273-41D4-8B9CC3A23469}.Debug|Any CPU.ActiveCfg = Debug|Any CPU
		{5D36957A-9E1D-1273-41D4-8B9CC3A23469}.Debug|Any CPU.Build.0 = Debug|Any CPU
		{5D36957A-9E1D-1273-41D4-8B9CC3A23469}.Release|Any CPU.ActiveCfg = Release|Any CPU
		{5D36957A-9E1D-1273-41D4-8B9CC3A23469}.Release|Any CPU.Build.0 = Release|Any CPU
		{94BC1A6D-8B90-8FC0-8C90-FA868F036138}.Debug|Any CPU.ActiveCfg = Debug|Any CPU
		{94BC1A6D-8B90-8FC0-8C90-FA868F036138}.Debug|Any CPU.Build.0 = Debug|Any CPU
		{94BC1A6D-8B90-8FC0-8C90-FA868F036138}.Release|Any CPU.ActiveCfg = Release|Any CPU
		{94BC1A6D-8B90-8FC0-8C90-FA868F036138}.Release|Any CPU.Build.0 = Release|Any CPU
		{6654662F-E005-4C27-1923-1FEE9A8816DC}.Debug|Any CPU.ActiveCfg = Debug|Any CPU
		{6654662F-E005-4C27-1923-1FEE9A8816DC}.Debug|Any CPU.Build.0 = Debug|Any CPU
		{6654662F-E005-4C27-1923-1FEE9A8816DC}.Release|Any CPU.ActiveCfg = Release|Any CPU
		{6654662F-E005-4C27-1923-1FEE9A8816DC}.Release|Any CPU.Build.0 = Release|Any CPU
		{A056A026-0FD7-CDA7-88E5-F8A990B3A843}.Debug|Any CPU.ActiveCfg = Debug|Any CPU
		{A056A026-0FD7-CDA7-88E5-F8A990B3A843}.Debug|Any CPU.Build.0 = Debug|Any CPU
		{A056A026-0FD7-CDA7-88E5-F8A990B3A843}.Release|Any CPU.ActiveCfg = Release|Any CPU
		{A056A026-0FD7-CDA7-88E5-F8A990B3A843}.Release|Any CPU.Build.0 = Release|Any CPU
		{79283E76-CDC2-0DD8-B23A-A529B4F87737}.Debug|Any CPU.ActiveCfg = Debug|Any CPU
		{79283E76-CDC2-0DD8-B23A-A529B4F87737}.Debug|Any CPU.Build.0 = Debug|Any CPU
		{79283E76-CDC2-0DD8-B23A-A529B4F87737}.Release|Any CPU.ActiveCfg = Release|Any CPU
		{79283E76-CDC2-0DD8-B23A-A529B4F87737}.Release|Any CPU.Build.0 = Release|Any CPU
	EndGlobalSection
	GlobalSection(SolutionProperties) = preSolution
		HideSolutionNode = FALSE
	EndGlobalSection
EndGlobal
