
Microsoft Visual Studio Solution File, Format Version 12.00
# Visual Studio 15
Project("{FAE04EC0-301F-11D3-BF4B-00C04F79EFBC}") = "AstarPathfindingProject", "AstarPathfindingProject.csproj", "{15FD5A44-F368-39C1-2108-D3FAE8664089}"
EndProject
Project("{FAE04EC0-301F-11D3-BF4B-00C04F79EFBC}") = "Assembly-CSharp", "Assembly-CSharp.csproj", "{D3E3CB7C-855F-2029-F99F-D0785C3B7777}"
EndProject
Project("{FAE04EC0-301F-11D3-BF4B-00C04F79EFBC}") = "IngameDebugConsole.Runtime", "IngameDebugConsole.Runtime.csproj", "{19FB5405-AA3F-6002-327F-A5A37A91217E}"
EndProject
Project("{FAE04EC0-301F-11D3-BF4B-00C04F79EFBC}") = "Assembly-CSharp-firstpass", "Assembly-CSharp-firstpass.csproj", "{873F7FF2-C857-96B9-D352-3AC61C799B3D}"
EndProject
Project("{FAE04EC0-301F-11D3-BF4B-00C04F79EFBC}") = "PackageToolsEditor", "PackageToolsEditor.csproj", "{19307C04-1A79-F23E-F3C5-BD21D2FADAB4}"
EndProject
Project("{FAE04EC0-301F-11D3-BF4B-00C04F79EFBC}") = "AstarPathfindingProjectEditor", "AstarPathfindingProjectEditor.csproj", "{301BAA8F-D72D-6F4E-CEDD-71A36A3A516F}"
EndProject
Project("{FAE04EC0-301F-11D3-BF4B-00C04F79EFBC}") = "Assembly-CSharp-Editor", "Assembly-CSharp-Editor.csproj", "{8CB8AB0B-B678-5708-869A-5FFB0CDFA651}"
EndProject
Project("{FAE04EC0-301F-11D3-BF4B-00C04F79EFBC}") = "IngameDebugConsole.Editor", "IngameDebugConsole.Editor.csproj", "{8665B21E-E403-D9DE-0CEF-020CD083C730}"
EndProject
Global
	GlobalSection(SolutionConfigurationPlatforms) = preSolution
		Debug|Any CPU = Debug|Any CPU
		Release|Any CPU = Release|Any CPU
	EndGlobalSection
	GlobalSection(ProjectConfigurationPlatforms) = postSolution
		{15FD5A44-F368-39C1-2108-D3FAE8664089}.Debug|Any CPU.ActiveCfg = Debug|Any CPU
		{15FD5A44-F368-39C1-2108-D3FAE8664089}.Debug|Any CPU.Build.0 = Debug|Any CPU
		{15FD5A44-F368-39C1-2108-D3FAE8664089}.Release|Any CPU.ActiveCfg = Release|Any CPU
		{15FD5A44-F368-39C1-2108-D3FAE8664089}.Release|Any CPU.Build.0 = Release|Any CPU
		{D3E3CB7C-855F-2029-F99F-D0785C3B7777}.Debug|Any CPU.ActiveCfg = Debug|Any CPU
		{D3E3CB7C-855F-2029-F99F-D0785C3B7777}.Debug|Any CPU.Build.0 = Debug|Any CPU
		{D3E3CB7C-855F-2029-F99F-D0785C3B7777}.Release|Any CPU.ActiveCfg = Release|Any CPU
		{D3E3CB7C-855F-2029-F99F-D0785C3B7777}.Release|Any CPU.Build.0 = Release|Any CPU
		{19FB5405-AA3F-6002-327F-A5A37A91217E}.Debug|Any CPU.ActiveCfg = Debug|Any CPU
		{19FB5405-AA3F-6002-327F-A5A37A91217E}.Debug|Any CPU.Build.0 = Debug|Any CPU
		{19FB5405-AA3F-6002-327F-A5A37A91217E}.Release|Any CPU.ActiveCfg = Release|Any CPU
		{19FB5405-AA3F-6002-327F-A5A37A91217E}.Release|Any CPU.Build.0 = Release|Any CPU
		{873F7FF2-C857-96B9-D352-3AC61C799B3D}.Debug|Any CPU.ActiveCfg = Debug|Any CPU
		{873F7FF2-C857-96B9-D352-3AC61C799B3D}.Debug|Any CPU.Build.0 = Debug|Any CPU
		{873F7FF2-C857-96B9-D352-3AC61C799B3D}.Release|Any CPU.ActiveCfg = Release|Any CPU
		{873F7FF2-C857-96B9-D352-3AC61C799B3D}.Release|Any CPU.Build.0 = Release|Any CPU
		{19307C04-1A79-F23E-F3C5-BD21D2FADAB4}.Debug|Any CPU.ActiveCfg = Debug|Any CPU
		{19307C04-1A79-F23E-F3C5-BD21D2FADAB4}.Debug|Any CPU.Build.0 = Debug|Any CPU
		{19307C04-1A79-F23E-F3C5-BD21D2FADAB4}.Release|Any CPU.ActiveCfg = Release|Any CPU
		{19307C04-1A79-F23E-F3C5-BD21D2FADAB4}.Release|Any CPU.Build.0 = Release|Any CPU
		{301BAA8F-D72D-6F4E-CEDD-71A36A3A516F}.Debug|Any CPU.ActiveCfg = Debug|Any CPU
		{301BAA8F-D72D-6F4E-CEDD-71A36A3A516F}.Debug|Any CPU.Build.0 = Debug|Any CPU
		{301BAA8F-D72D-6F4E-CEDD-71A36A3A516F}.Release|Any CPU.ActiveCfg = Release|Any CPU
		{301BAA8F-D72D-6F4E-CEDD-71A36A3A516F}.Release|Any CPU.Build.0 = Release|Any CPU
		{8CB8AB0B-B678-5708-869A-5FFB0CDFA651}.Debug|Any CPU.ActiveCfg = Debug|Any CPU
		{8CB8AB0B-B678-5708-869A-5FFB0CDFA651}.Debug|Any CPU.Build.0 = Debug|Any CPU
		{8CB8AB0B-B678-5708-869A-5FFB0CDFA651}.Release|Any CPU.ActiveCfg = Release|Any CPU
		{8CB8AB0B-B678-5708-869A-5FFB0CDFA651}.Release|Any CPU.Build.0 = Release|Any CPU
		{8665B21E-E403-D9DE-0CEF-020CD083C730}.Debug|Any CPU.ActiveCfg = Debug|Any CPU
		{8665B21E-E403-D9DE-0CEF-020CD083C730}.Debug|Any CPU.Build.0 = Debug|Any CPU
		{8665B21E-E403-D9DE-0CEF-020CD083C730}.Release|Any CPU.ActiveCfg = Release|Any CPU
		{8665B21E-E403-D9DE-0CEF-020CD083C730}.Release|Any CPU.Build.0 = Release|Any CPU
	EndGlobalSection
	GlobalSection(SolutionProperties) = preSolution
		HideSolutionNode = FALSE
	EndGlobalSection
EndGlobal
