
Microsoft Visual Studio Solution File, Format Version 12.00
# Visual Studio 15
Project("{FAE04EC0-301F-11D3-BF4B-00C04F79EFBC}") = "Assembly-CSharp", "Assembly-CSharp.csproj", "{59479BE5-B79D-6A92-B866-78BC7FFCD6E6}"
EndProject
Project("{FAE04EC0-301F-11D3-BF4B-00C04F79EFBC}") = "AstarPathfindingProject", "AstarPathfindingProject.csproj", "{4B5874C8-456F-25AE-6BAF-A21252D5E296}"
EndProject
Project("{FAE04EC0-301F-11D3-BF4B-00C04F79EFBC}") = "AstarPathfindingProjectEditor", "AstarPathfindingProjectEditor.csproj", "{23FE0B09-570E-DBEB-D274-0EA106FB9A97}"
EndProject
Project("{FAE04EC0-301F-11D3-BF4B-00C04F79EFBC}") = "PackageToolsEditor", "PackageToolsEditor.csproj", "{5BF1EEA3-79BC-950A-F333-45EC99AFE0D7}"
EndProject
Global
	GlobalSection(SolutionConfigurationPlatforms) = preSolution
		Debug|Any CPU = Debug|Any CPU
		Release|Any CPU = Release|Any CPU
	EndGlobalSection
	GlobalSection(ProjectConfigurationPlatforms) = postSolution
		{59479BE5-B79D-6A92-B866-78BC7FFCD6E6}.Debug|Any CPU.ActiveCfg = Debug|Any CPU
		{59479BE5-B79D-6A92-B866-78BC7FFCD6E6}.Debug|Any CPU.Build.0 = Debug|Any CPU
		{59479BE5-B79D-6A92-B866-78BC7FFCD6E6}.Release|Any CPU.ActiveCfg = Release|Any CPU
		{59479BE5-B79D-6A92-B866-78BC7FFCD6E6}.Release|Any CPU.Build.0 = Release|Any CPU
		{4B5874C8-456F-25AE-6BAF-A21252D5E296}.Debug|Any CPU.ActiveCfg = Debug|Any CPU
		{4B5874C8-456F-25AE-6BAF-A21252D5E296}.Debug|Any CPU.Build.0 = Debug|Any CPU
		{4B5874C8-456F-25AE-6BAF-A21252D5E296}.Release|Any CPU.ActiveCfg = Release|Any CPU
		{4B5874C8-456F-25AE-6BAF-A21252D5E296}.Release|Any CPU.Build.0 = Release|Any CPU
		{23FE0B09-570E-DBEB-D274-0EA106FB9A97}.Debug|Any CPU.ActiveCfg = Debug|Any CPU
		{23FE0B09-570E-DBEB-D274-0EA106FB9A97}.Debug|Any CPU.Build.0 = Debug|Any CPU
		{23FE0B09-570E-DBEB-D274-0EA106FB9A97}.Release|Any CPU.ActiveCfg = Release|Any CPU
		{23FE0B09-570E-DBEB-D274-0EA106FB9A97}.Release|Any CPU.Build.0 = Release|Any CPU
		{5BF1EEA3-79BC-950A-F333-45EC99AFE0D7}.Debug|Any CPU.ActiveCfg = Debug|Any CPU
		{5BF1EEA3-79BC-950A-F333-45EC99AFE0D7}.Debug|Any CPU.Build.0 = Debug|Any CPU
		{5BF1EEA3-79BC-950A-F333-45EC99AFE0D7}.Release|Any CPU.ActiveCfg = Release|Any CPU
		{5BF1EEA3-79BC-950A-F333-45EC99AFE0D7}.Release|Any CPU.Build.0 = Release|Any CPU
	EndGlobalSection
	GlobalSection(SolutionProperties) = preSolution
		HideSolutionNode = FALSE
	EndGlobalSection
EndGlobal
